// !$*UTF8*$!
{
	archiveVersion = 1;
	classes = {
	};
	objectVersion = 55;
	objects = {

/* Begin PBXBuildFile section */
		8318C66328BE51A100314B83 /* AppDelegate.swift in Sources */ = {isa = PBXBuildFile; fileRef = 8318C66228BE51A100314B83 /* AppDelegate.swift */; };
		8318C66528BE51A100314B83 /* SceneDelegate.swift in Sources */ = {isa = PBXBuildFile; fileRef = 8318C66428BE51A100314B83 /* SceneDelegate.swift */; };
		8318C66728BE51A100314B83 /* ViewController.swift in Sources */ = {isa = PBXBuildFile; fileRef = 8318C66628BE51A100314B83 /* ViewController.swift */; };
		8318C66A28BE51A100314B83 /* Main.storyboard in Resources */ = {isa = PBXBuildFile; fileRef = 8318C66828BE51A100314B83 /* Main.storyboard */; };
		8318C66C28BE51A400314B83 /* Assets.xcassets in Resources */ = {isa = PBXBuildFile; fileRef = 8318C66B28BE51A400314B83 /* Assets.xcassets */; };
		8318C66F28BE51A400314B83 /* LaunchScreen.storyboard in Resources */ = {isa = PBXBuildFile; fileRef = 8318C66D28BE51A400314B83 /* LaunchScreen.storyboard */; };
		8318C67A28BE51A400314B83 /* RESTAPIExampleTests.swift in Sources */ = {isa = PBXBuildFile; fileRef = 8318C67928BE51A400314B83 /* RESTAPIExampleTests.swift */; };
		8318C68428BE51A400314B83 /* RESTAPIExampleUITests.swift in Sources */ = {isa = PBXBuildFile; fileRef = 8318C68328BE51A400314B83 /* RESTAPIExampleUITests.swift */; };
		8318C68628BE51A400314B83 /* RESTAPIExampleUITestsLaunchTests.swift in Sources */ = {isa = PBXBuildFile; fileRef = 8318C68528BE51A400314B83 /* RESTAPIExampleUITestsLaunchTests.swift */; };
/* End PBXBuildFile section */

/* Begin PBXContainerItemProxy section */
		8318C67628BE51A400314B83 /* PBXContainerItemProxy */ = {
			isa = PBXContainerItemProxy;
			containerPortal = 8318C65728BE51A100314B83 /* Project object */;
			proxyType = 1;
			remoteGlobalIDString = 8318C65E28BE51A100314B83;
			remoteInfo = RESTAPIExample;
		};
		8318C68028BE51A400314B83 /* PBXContainerItemProxy */ = {
			isa = PBXContainerItemProxy;
			containerPortal = 8318C65728BE51A100314B83 /* Project object */;
			proxyType = 1;
			remoteGlobalIDString = 8318C65E28BE51A100314B83;
			remoteInfo = RESTAPIExample;
		};
/* End PBXContainerItemProxy section */

/* Begin PBXFileReference section */
		8318C65F28BE51A100314B83 /* RESTAPIExample.app */ = {isa = PBXFileReference; explicitFileType = wrapper.application; includeInIndex = 0; path = RESTAPIExample.app; sourceTree = BUILT_PRODUCTS_DIR; };
		8318C66228BE51A100314B83 /* AppDelegate.swift */ = {isa = PBXFileReference; lastKnownFileType = sourcecode.swift; path = AppDelegate.swift; sourceTree = "<group>"; };
		8318C66428BE51A100314B83 /* SceneDelegate.swift */ = {isa = PBXFileReference; lastKnownFileType = sourcecode.swift; path = SceneDelegate.swift; sourceTree = "<group>"; };
		8318C66628BE51A100314B83 /* ViewController.swift */ = {isa = PBXFileReference; lastKnownFileType = sourcecode.swift; path = ViewController.swift; sourceTree = "<group>"; };
		8318C66928BE51A100314B83 /* Base */ = {isa = PBXFileReference; lastKnownFileType = file.storyboard; name = Base; path = Base.lproj/Main.storyboard; sourceTree = "<group>"; };
		8318C66B28BE51A400314B83 /* Assets.xcassets */ = {isa = PBXFileReference; lastKnownFileType = folder.assetcatalog; path = Assets.xcassets; sourceTree = "<group>"; };
		8318C66E28BE51A400314B83 /* Base */ = {isa = PBXFileReference; lastKnownFileType = file.storyboard; name = Base; path = Base.lproj/LaunchScreen.storyboard; sourceTree = "<group>"; };
		8318C67028BE51A400314B83 /* Info.plist */ = {isa = PBXFileReference; lastKnownFileType = text.plist.xml; path = Info.plist; sourceTree = "<group>"; };
		8318C67528BE51A400314B83 /* RESTAPIExampleTests.xctest */ = {isa = PBXFileReference; explicitFileType = wrapper.cfbundle; includeInIndex = 0; path = RESTAPIExampleTests.xctest; sourceTree = BUILT_PRODUCTS_DIR; };
		8318C67928BE51A400314B83 /* RESTAPIExampleTests.swift */ = {isa = PBXFileReference; lastKnownFileType = sourcecode.swift; path = RESTAPIExampleTests.swift; sourceTree = "<group>"; };
		8318C67F28BE51A400314B83 /* RESTAPIExampleUITests.xctest */ = {isa = PBXFileReference; explicitFileType = wrapper.cfbundle; includeInIndex = 0; path = RESTAPIExampleUITests.xctest; sourceTree = BUILT_PRODUCTS_DIR; };
		8318C68328BE51A400314B83 /* RESTAPIExampleUITests.swift */ = {isa = PBXFileReference; lastKnownFileType = sourcecode.swift; path = RESTAPIExampleUITests.swift; sourceTree = "<group>"; };
		8318C68528BE51A400314B83 /* RESTAPIExampleUITestsLaunchTests.swift */ = {isa = PBXFileReference; lastKnownFileType = sourcecode.swift; path = RESTAPIExampleUITestsLaunchTests.swift; sourceTree = "<group>"; };
/* End PBXFileReference section */

/* Begin PBXFrameworksBuildPhase section */
		8318C65C28BE51A100314B83 /* Frameworks */ = {
			isa = PBXFrameworksBuildPhase;
			buildActionMask = 2147483647;
			files = (
			);
			runOnlyForDeploymentPostprocessing = 0;
		};
		8318C67228BE51A400314B83 /* Frameworks */ = {
			isa = PBXFrameworksBuildPhase;
			buildActionMask = 2147483647;
			files = (
			);
			runOnlyForDeploymentPostprocessing = 0;
		};
		8318C67C28BE51A400314B83 /* Frameworks */ = {
			isa = PBXFrameworksBuildPhase;
			buildActionMask = 2147483647;
			files = (
			);
			runOnlyForDeploymentPostprocessing = 0;
		};
/* End PBXFrameworksBuildPhase section */

/* Begin PBXGroup section */
		8318C65628BE51A100314B83 = {
			isa = PBXGroup;
			children = (
				8318C66128BE51A100314B83 /* RESTAPIExample */,
				8318C67828BE51A400314B83 /* RESTAPIExampleTests */,
				8318C68228BE51A400314B83 /* RESTAPIExampleUITests */,
				8318C66028BE51A100314B83 /* Products */,
			);
			sourceTree = "<group>";
		};
		8318C66028BE51A100314B83 /* Products */ = {
			isa = PBXGroup;
			children = (
				8318C65F28BE51A100314B83 /* RESTAPIExample.app */,
				8318C67528BE51A400314B83 /* RESTAPIExampleTests.xctest */,
				8318C67F28BE51A400314B83 /* RESTAPIExampleUITests.xctest */,
			);
			name = Products;
			sourceTree = "<group>";
		};
		8318C66128BE51A100314B83 /* RESTAPIExample */ = {
			isa = PBXGroup;
			children = (
				8318C66228BE51A100314B83 /* AppDelegate.swift */,
				8318C66428BE51A100314B83 /* SceneDelegate.swift */,
				8318C66628BE51A100314B83 /* ViewController.swift */,
				8318C66828BE51A100314B83 /* Main.storyboard */,
				8318C66B28BE51A400314B83 /* Assets.xcassets */,
				8318C66D28BE51A400314B83 /* LaunchScreen.storyboard */,
				8318C67028BE51A400314B83 /* Info.plist */,
			);
			path = RESTAPIExample;
			sourceTree = "<group>";
		};
		8318C67828BE51A400314B83 /* RESTAPIExampleTests */ = {
			isa = PBXGroup;
			children = (
				8318C67928BE51A400314B83 /* RESTAPIExampleTests.swift */,
			);
			path = RESTAPIExampleTests;
			sourceTree = "<group>";
		};
		8318C68228BE51A400314B83 /* RESTAPIExampleUITests */ = {
			isa = PBXGroup;
			children = (
				8318C68328BE51A400314B83 /* RESTAPIExampleUITests.swift */,
				8318C68528BE51A400314B83 /* RESTAPIExampleUITestsLaunchTests.swift */,
			);
			path = RESTAPIExampleUITests;
			sourceTree = "<group>";
		};
/* End PBXGroup section */

/* Begin PBXNativeTarget section */
		8318C65E28BE51A100314B83 /* RESTAPIExample */ = {
			isa = PBXNativeTarget;
			buildConfigurationList = 8318C68928BE51A400314B83 /* Build configuration list for PBXNativeTarget "RESTAPIExample" */;
			buildPhases = (
				8318C65B28BE51A100314B83 /* Sources */,
				8318C65C28BE51A100314B83 /* Frameworks */,
				8318C65D28BE51A100314B83 /* Resources */,
			);
			buildRules = (
			);
			dependencies = (
			);
			name = RESTAPIExample;
			productName = RESTAPIExample;
			productReference = 8318C65F28BE51A100314B83 /* RESTAPIExample.app */;
			productType = "com.apple.product-type.application";
		};
		8318C67428BE51A400314B83 /* RESTAPIExampleTests */ = {
			isa = PBXNativeTarget;
			buildConfigurationList = 8318C68C28BE51A400314B83 /* Build configuration list for PBXNativeTarget "RESTAPIExampleTests" */;
			buildPhases = (
				8318C67128BE51A400314B83 /* Sources */,
				8318C67228BE51A400314B83 /* Frameworks */,
				8318C67328BE51A400314B83 /* Resources */,
			);
			buildRules = (
			);
			dependencies = (
				8318C67728BE51A400314B83 /* PBXTargetDependency */,
			);
			name = RESTAPIExampleTests;
			productName = RESTAPIExampleTests;
			productReference = 8318C67528BE51A400314B83 /* RESTAPIExampleTests.xctest */;
			productType = "com.apple.product-type.bundle.unit-test";
		};
		8318C67E28BE51A400314B83 /* RESTAPIExampleUITests */ = {
			isa = PBXNativeTarget;
			buildConfigurationList = 8318C68F28BE51A400314B83 /* Build configuration list for PBXNativeTarget "RESTAPIExampleUITests" */;
			buildPhases = (
				8318C67B28BE51A400314B83 /* Sources */,
				8318C67C28BE51A400314B83 /* Frameworks */,
				8318C67D28BE51A400314B83 /* Resources */,
			);
			buildRules = (
			);
			dependencies = (
				8318C68128BE51A400314B83 /* PBXTargetDependency */,
			);
			name = RESTAPIExampleUITests;
			productName = RESTAPIExampleUITests;
			productReference = 8318C67F28BE51A400314B83 /* RESTAPIExampleUITests.xctest */;
			productType = "com.apple.product-type.bundle.ui-testing";
		};
/* End PBXNativeTarget section */

/* Begin PBXProject section */
		8318C65728BE51A100314B83 /* Project object */ = {
			isa = PBXProject;
			attributes = {
				BuildIndependentTargetsInParallel = 1;
				LastSwiftUpdateCheck = 1340;
				LastUpgradeCheck = 1340;
				TargetAttributes = {
					8318C65E28BE51A100314B83 = {
						CreatedOnToolsVersion = 13.4.1;
					};
					8318C67428BE51A400314B83 = {
						CreatedOnToolsVersion = 13.4.1;
						TestTargetID = 8318C65E28BE51A100314B83;
					};
					8318C67E28BE51A400314B83 = {
						CreatedOnToolsVersion = 13.4.1;
						TestTargetID = 8318C65E28BE51A100314B83;
					};
				};
			};
			buildConfigurationList = 8318C65A28BE51A100314B83 /* Build configuration list for PBXProject "RESTAPIExample" */;
			compatibilityVersion = "Xcode 13.0";
			developmentRegion = en;
			hasScannedForEncodings = 0;
			knownRegions = (
				en,
				Base,
			);
			mainGroup = 8318C65628BE51A100314B83;
			productRefGroup = 8318C66028BE51A100314B83 /* Products */;
			projectDirPath = "";
			projectRoot = "";
			targets = (
				8318C65E28BE51A100314B83 /* RESTAPIExample */,
				8318C67428BE51A400314B83 /* RESTAPIExampleTests */,
				8318C67E28BE51A400314B83 /* RESTAPIExampleUITests */,
			);
		};
/* End PBXProject section */

/* Begin PBXResourcesBuildPhase section */
		8318C65D28BE51A100314B83 /* Resources */ = {
			isa = PBXResourcesBuildPhase;
			buildActionMask = 2147483647;
			files = (
				8318C66F28BE51A400314B83 /* LaunchScreen.storyboard in Resources */,
				8318C66C28BE51A400314B83 /* Assets.xcassets in Resources */,
				8318C66A28BE51A100314B83 /* Main.storyboard in Resources */,
			);
			runOnlyForDeploymentPostprocessing = 0;
		};
		8318C67328BE51A400314B83 /* Resources */ = {
			isa = PBXResourcesBuildPhase;
			buildActionMask = 2147483647;
			files = (
			);
			runOnlyForDeploymentPostprocessing = 0;
		};
		8318C67D28BE51A400314B83 /* Resources */ = {
			isa = PBXResourcesBuildPhase;
			buildActionMask = 2147483647;
			files = (
			);
			runOnlyForDeploymentPostprocessing = 0;
		};
/* End PBXResourcesBuildPhase section */

/* Begin PBXSourcesBuildPhase section */
		8318C65B28BE51A100314B83 /* Sources */ = {
			isa = PBXSourcesBuildPhase;
			buildActionMask = 2147483647;
			files = (
				8318C66728BE51A100314B83 /* ViewController.swift in Sources */,
				8318C66328BE51A100314B83 /* AppDelegate.swift in Sources */,
				8318C66528BE51A100314B83 /* SceneDelegate.swift in Sources */,
			);
			runOnlyForDeploymentPostprocessing = 0;
		};
		8318C67128BE51A400314B83 /* Sources */ = {
			isa = PBXSourcesBuildPhase;
			buildActionMask = 2147483647;
			files = (
				8318C67A28BE51A400314B83 /* RESTAPIExampleTests.swift in Sources */,
			);
			runOnlyForDeploymentPostprocessing = 0;
		};
		8318C67B28BE51A400314B83 /* Sources */ = {
			isa = PBXSourcesBuildPhase;
			buildActionMask = 2147483647;
			files = (
				8318C68628BE51A400314B83 /* RESTAPIExampleUITestsLaunchTests.swift in Sources */,
				8318C68428BE51A400314B83 /* RESTAPIExampleUITests.swift in Sources */,
			);
			runOnlyForDeploymentPostprocessing = 0;
		};
/* End PBXSourcesBuildPhase section */

/* Begin PBXTargetDependency section */
		8318C67728BE51A400314B83 /* PBXTargetDependency */ = {
			isa = PBXTargetDependency;
			target = 8318C65E28BE51A100314B83 /* RESTAPIExample */;
			targetProxy = 8318C67628BE51A400314B83 /* PBXContainerItemProxy */;
		};
		8318C68128BE51A400314B83 /* PBXTargetDependency */ = {
			isa = PBXTargetDependency;
			target = 8318C65E28BE51A100314B83 /* RESTAPIExample */;
			targetProxy = 8318C68028BE51A400314B83 /* PBXContainerItemProxy */;
		};
/* End PBXTargetDependency section */

/* Begin PBXVariantGroup section */
		8318C66828BE51A100314B83 /* Main.storyboard */ = {
			isa = PBXVariantGroup;
			children = (
				8318C66928BE51A100314B83 /* Base */,
			);
			name = Main.storyboard;
			sourceTree = "<group>";
		};
		8318C66D28BE51A400314B83 /* LaunchScreen.storyboard */ = {
			isa = PBXVariantGroup;
			children = (
				8318C66E28BE51A400314B83 /* Base */,
			);
			name = LaunchScreen.storyboard;
			sourceTree = "<group>";
		};
/* End PBXVariantGroup section */

/* Begin XCBuildConfiguration section */
		8318C68728BE51A400314B83 /* Debug */ = {
			isa = XCBuildConfiguration;
			buildSettings = {
				ALWAYS_SEARCH_USER_PATHS = NO;
				CLANG_ANALYZER_NONNULL = YES;
				CLANG_ANALYZER_NUMBER_OBJECT_CONVERSION = YES_AGGRESSIVE;
				CLANG_CXX_LANGUAGE_STANDARD = "gnu++17";
				CLANG_ENABLE_MODULES = YES;
				CLANG_ENABLE_OBJC_ARC = YES;
				CLANG_ENABLE_OBJC_WEAK = YES;
				CLANG_WARN_BLOCK_CAPTURE_AUTORELEASING = YES;
				CLANG_WARN_BOOL_CONVERSION = YES;
				CLANG_WARN_COMMA = YES;
				CLANG_WARN_CONSTANT_CONVERSION = YES;
				CLANG_WARN_DEPRECATED_OBJC_IMPLEMENTATIONS = YES;
				CLANG_WARN_DIRECT_OBJC_ISA_USAGE = YES_ERROR;
				CLANG_WARN_DOCUMENTATION_COMMENTS = YES;
				CLANG_WARN_EMPTY_BODY = YES;
				CLANG_WARN_ENUM_CONVERSION = YES;
				CLANG_WARN_INFINITE_RECURSION = YES;
				CLANG_WARN_INT_CONVERSION = YES;
				CLANG_WARN_NON_LITERAL_NULL_CONVERSION = YES;
				CLANG_WARN_OBJC_IMPLICIT_RETAIN_SELF = YES;
				CLANG_WARN_OBJC_LITERAL_CONVERSION = YES;
				CLANG_WARN_OBJC_ROOT_CLASS = YES_ERROR;
				CLANG_WARN_QUOTED_INCLUDE_IN_FRAMEWORK_HEADER = YES;
				CLANG_WARN_RANGE_LOOP_ANALYSIS = YES;
				CLANG_WARN_STRICT_PROTOTYPES = YES;
				CLANG_WARN_SUSPICIOUS_MOVE = YES;
				CLANG_WARN_UNGUARDED_AVAILABILITY = YES_AGGRESSIVE;
				CLANG_WARN_UNREACHABLE_CODE = YES;
				CLANG_WARN__DUPLICATE_METHOD_MATCH = YES;
				COPY_PHASE_STRIP = NO;
				DEBUG_INFORMATION_FORMAT = dwarf;
				ENABLE_STRICT_OBJC_MSGSEND = YES;
				ENABLE_TESTABILITY = YES;
				GCC_C_LANGUAGE_STANDARD = gnu11;
				GCC_DYNAMIC_NO_PIC = NO;
				GCC_NO_COMMON_BLOCKS = YES;
				GCC_OPTIMIZATION_LEVEL = 0;
				GCC_PREPROCESSOR_DEFINITIONS = (
					"DEBUG=1",
					"$(inherited)",
				);
				GCC_WARN_64_TO_32_BIT_CONVERSION = YES;
				GCC_WARN_ABOUT_RETURN_TYPE = YES_ERROR;
				GCC_WARN_UNDECLARED_SELECTOR = YES;
				GCC_WARN_UNINITIALIZED_AUTOS = YES_AGGRESSIVE;
				GCC_WARN_UNUSED_FUNCTION = YES;
				GCC_WARN_UNUSED_VARIABLE = YES;
				IPHONEOS_DEPLOYMENT_TARGET = 15.5;
				MTL_ENABLE_DEBUG_INFO = INCLUDE_SOURCE;
				MTL_FAST_MATH = YES;
				ONLY_ACTIVE_ARCH = YES;
				SDKROOT = iphoneos;
				SWIFT_ACTIVE_COMPILATION_CONDITIONS = DEBUG;
				SWIFT_OPTIMIZATION_LEVEL = "-Onone";
			};
			name = Debug;
		};
		8318C68828BE51A400314B83 /* Release */ = {
			isa = XCBuildConfiguration;
			buildSettings = {
				ALWAYS_SEARCH_USER_PATHS = NO;
				CLANG_ANALYZER_NONNULL = YES;
				CLANG_ANALYZER_NUMBER_OBJECT_CONVERSION = YES_AGGRESSIVE;
				CLANG_CXX_LANGUAGE_STANDARD = "gnu++17";
				CLANG_ENABLE_MODULES = YES;
				CLANG_ENABLE_OBJC_ARC = YES;
				CLANG_ENABLE_OBJC_WEAK = YES;
				CLANG_WARN_BLOCK_CAPTURE_AUTORELEASING = YES;
				CLANG_WARN_BOOL_CONVERSION = YES;
				CLANG_WARN_COMMA = YES;
				CLANG_WARN_CONSTANT_CONVERSION = YES;
				CLANG_WARN_DEPRECATED_OBJC_IMPLEMENTATIONS = YES;
				CLANG_WARN_DIRECT_OBJC_ISA_USAGE = YES_ERROR;
				CLANG_WARN_DOCUMENTATION_COMMENTS = YES;
				CLANG_WARN_EMPTY_BODY = YES;
				CLANG_WARN_ENUM_CONVERSION = YES;
				CLANG_WARN_INFINITE_RECURSION = YES;
				CLANG_WARN_INT_CONVERSION = YES;
				CLANG_WARN_NON_LITERAL_NULL_CONVERSION = YES;
				CLANG_WARN_OBJC_IMPLICIT_RETAIN_SELF = YES;
				CLANG_WARN_OBJC_LITERAL_CONVERSION = YES;
				CLANG_WARN_OBJC_ROOT_CLASS = YES_ERROR;
				CLANG_WARN_QUOTED_INCLUDE_IN_FRAMEWORK_HEADER = YES;
				CLANG_WARN_RANGE_LOOP_ANALYSIS = YES;
				CLANG_WARN_STRICT_PROTOTYPES = YES;
				CLANG_WARN_SUSPICIOUS_MOVE = YES;
				CLANG_WARN_UNGUARDED_AVAILABILITY = YES_AGGRESSIVE;
				CLANG_WARN_UNREACHABLE_CODE = YES;
				CLANG_WARN__DUPLICATE_METHOD_MATCH = YES;
				COPY_PHASE_STRIP = NO;
				DEBUG_INFORMATION_FORMAT = "dwarf-with-dsym";
				ENABLE_NS_ASSERTIONS = NO;
				ENABLE_STRICT_OBJC_MSGSEND = YES;
				GCC_C_LANGUAGE_STANDARD = gnu11;
				GCC_NO_COMMON_BLOCKS = YES;
				GCC_WARN_64_TO_32_BIT_CONVERSION = YES;
				GCC_WARN_ABOUT_RETURN_TYPE = YES_ERROR;
				GCC_WARN_UNDECLARED_SELECTOR = YES;
				GCC_WARN_UNINITIALIZED_AUTOS = YES_AGGRESSIVE;
				GCC_WARN_UNUSED_FUNCTION = YES;
				GCC_WARN_UNUSED_VARIABLE = YES;
				IPHONEOS_DEPLOYMENT_TARGET = 15.5;
				MTL_ENABLE_DEBUG_INFO = NO;
				MTL_FAST_MATH = YES;
				SDKROOT = iphoneos;
				SWIFT_COMPILATION_MODE = wholemodule;
				SWIFT_OPTIMIZATION_LEVEL = "-O";
				VALIDATE_PRODUCT = YES;
			};
			name = Release;
		};
		8318C68A28BE51A400314B83 /* Debug */ = {
			isa = XCBuildConfiguration;
			buildSettings = {
				ASSETCATALOG_COMPILER_APPICON_NAME = AppIcon;
				ASSETCATALOG_COMPILER_GLOBAL_ACCENT_COLOR_NAME = AccentColor;
				CODE_SIGN_STYLE = Automatic;
				CURRENT_PROJECT_VERSION = 1;
				DEVELOPMENT_TEAM = HUA84A9AEJ;
				GENERATE_INFOPLIST_FILE = YES;
				INFOPLIST_FILE = RESTAPIExample/Info.plist;
				INFOPLIST_KEY_UIApplicationSupportsIndirectInputEvents = YES;
				INFOPLIST_KEY_UILaunchStoryboardName = LaunchScreen;
				INFOPLIST_KEY_UIMainStoryboardFile = Main;
				INFOPLIST_KEY_UISupportedInterfaceOrientations_iPad = "UIInterfaceOrientationPortrait UIInterfaceOrientationPortraitUpsideDown UIInterfaceOrientationLandscapeLeft UIInterfaceOrientationLandscapeRight";
				INFOPLIST_KEY_UISupportedInterfaceOrientations_iPhone = "UIInterfaceOrientationPortrait UIInterfaceOrientationLandscapeLeft UIInterfaceOrientationLandscapeRight";
				LD_RUNPATH_SEARCH_PATHS = (
					"$(inherited)",
					"@executable_path/Frameworks",
				);
				MARKETING_VERSION = 1.0;
				PRODUCT_BUNDLE_IDENTIFIER = com.netherchat.RESTAPIExample;
				PRODUCT_NAME = "$(TARGET_NAME)";
				SWIFT_EMIT_LOC_STRINGS = YES;
				SWIFT_VERSION = 5.0;
				TARGETED_DEVICE_FAMILY = "1,2";
			};
			name = Debug;
		};
		8318C68B28BE51A400314B83 /* Release */ = {
			isa = XCBuildConfiguration;
			buildSettings = {
				ASSETCATALOG_COMPILER_APPICON_NAME = AppIcon;
				ASSETCATALOG_COMPILER_GLOBAL_ACCENT_COLOR_NAME = AccentColor;
				CODE_SIGN_STYLE = Automatic;
				CURRENT_PROJECT_VERSION = 1;
				DEVELOPMENT_TEAM = HUA84A9AEJ;
				GENERATE_INFOPLIST_FILE = YES;
				INFOPLIST_FILE = RESTAPIExample/Info.plist;
				INFOPLIST_KEY_UIApplicationSupportsIndirectInputEvents = YES;
				INFOPLIST_KEY_UILaunchStoryboardName = LaunchScreen;
				INFOPLIST_KEY_UIMainStoryboardFile = Main;
				INFOPLIST_KEY_UISupportedInterfaceOrientations_iPad = "UIInterfaceOrientationPortrait UIInterfaceOrientationPortraitUpsideDown UIInterfaceOrientationLandscapeLeft UIInterfaceOrientationLandscapeRight";
				INFOPLIST_KEY_UISupportedInterfaceOrientations_iPhone = "UIInterfaceOrientationPortrait UIInterfaceOrientationLandscapeLeft UIInterfaceOrientationLandscapeRight";
				LD_RUNPATH_SEARCH_PATHS = (
					"$(inherited)",
					"@executable_path/Frameworks",
				);
				MARKETING_VERSION = 1.0;
				PRODUCT_BUNDLE_IDENTIFIER = com.netherchat.RESTAPIExample;
				PRODUCT_NAME = "$(TARGET_NAME)";
				SWIFT_EMIT_LOC_STRINGS = YES;
				SWIFT_VERSION = 5.0;
				TARGETED_DEVICE_FAMILY = "1,2";
			};
			name = Release;
		};
		8318C68D28BE51A400314B83 /* Debug */ = {
			isa = XCBuildConfiguration;
			buildSettings = {
				ALWAYS_EMBED_SWIFT_STANDARD_LIBRARIES = YES;
				BUNDLE_LOADER = "$(TEST_HOST)";
				CODE_SIGN_STYLE = Automatic;
				CURRENT_PROJECT_VERSION = 1;
				DEVELOPMENT_TEAM = HUA84A9AEJ;
				GENERATE_INFOPLIST_FILE = YES;
				IPHONEOS_DEPLOYMENT_TARGET = 15.5;
				MARKETING_VERSION = 1.0;
				PRODUCT_BUNDLE_IDENTIFIER = com.netherchat.RESTAPIExampleTests;
				PRODUCT_NAME = "$(TARGET_NAME)";
				SWIFT_EMIT_LOC_STRINGS = NO;
				SWIFT_VERSION = 5.0;
				TARGETED_DEVICE_FAMILY = "1,2";
				TEST_HOST = "$(BUILT_PRODUCTS_DIR)/RESTAPIExample.app/RESTAPIExample";
			};
			name = Debug;
		};
		8318C68E28BE51A400314B83 /* Release */ = {
			isa = XCBuildConfiguration;
			buildSettings = {
				ALWAYS_EMBED_SWIFT_STANDARD_LIBRARIES = YES;
				BUNDLE_LOADER = "$(TEST_HOST)";
				CODE_SIGN_STYLE = Automatic;
				CURRENT_PROJECT_VERSION = 1;
				DEVELOPMENT_TEAM = HUA84A9AEJ;
				GENERATE_INFOPLIST_FILE = YES;
				IPHONEOS_DEPLOYMENT_TARGET = 15.5;
				MARKETING_VERSION = 1.0;
				PRODUCT_BUNDLE_IDENTIFIER = com.netherchat.RESTAPIExampleTests;
				PRODUCT_NAME = "$(TARGET_NAME)";
				SWIFT_EMIT_LOC_STRINGS = NO;
				SWIFT_VERSION = 5.0;
				TARGETED_DEVICE_FAMILY = "1,2";
				TEST_HOST = "$(BUILT_PRODUCTS_DIR)/RESTAPIExample.app/RESTAPIExample";
			};
			name = Release;
		};
		8318C69028BE51A400314B83 /* Debug */ = {
			isa = XCBuildConfiguration;
			buildSettings = {
				ALWAYS_EMBED_SWIFT_STANDARD_LIBRARIES = YES;
				CODE_SIGN_STYLE = Automatic;
				CURRENT_PROJECT_VERSION = 1;
				DEVELOPMENT_TEAM = HUA84A9AEJ;
				GENERATE_INFOPLIST_FILE = YES;
				MARKETING_VERSION = 1.0;
				PRODUCT_BUNDLE_IDENTIFIER = com.netherchat.RESTAPIExampleUITests;
				PRODUCT_NAME = "$(TARGET_NAME)";
				SWIFT_EMIT_LOC_STRINGS = NO;
				SWIFT_VERSION = 5.0;
				TARGETED_DEVICE_FAMILY = "1,2";
				TEST_TARGET_NAME = RESTAPIExample;
			};
			name = Debug;
		};
		8318C69128BE51A400314B83 /* Release */ = {
			isa = XCBuildConfiguration;
			buildSettings = {
				ALWAYS_EMBED_SWIFT_STANDARD_LIBRARIES = YES;
				CODE_SIGN_STYLE = Automatic;
				CURRENT_PROJECT_VERSION = 1;
				DEVELOPMENT_TEAM = HUA84A9AEJ;
				GENERATE_INFOPLIST_FILE = YES;
				MARKETING_VERSION = 1.0;
				PRODUCT_BUNDLE_IDENTIFIER = com.netherchat.RESTAPIExampleUITests;
				PRODUCT_NAME = "$(TARGET_NAME)";
				SWIFT_EMIT_LOC_STRINGS = NO;
				SWIFT_VERSION = 5.0;
				TARGETED_DEVICE_FAMILY = "1,2";
				TEST_TARGET_NAME = RESTAPIExample;
			};
			name = Release;
		};
/* End XCBuildConfiguration section */

/* Begin XCConfigurationList section */
		8318C65A28BE51A100314B83 /* Build configuration list for PBXProject "RESTAPIExample" */ = {
			isa = XCConfigurationList;
			buildConfigurations = (
				8318C68728BE51A400314B83 /* Debug */,
				8318C68828BE51A400314B83 /* Release */,
			);
			defaultConfigurationIsVisible = 0;
			defaultConfigurationName = Release;
		};
		8318C68928BE51A400314B83 /* Build configuration list for PBXNativeTarget "RESTAPIExample" */ = {
			isa = XCConfigurationList;
			buildConfigurations = (
				8318C68A28BE51A400314B83 /* Debug */,
				8318C68B28BE51A400314B83 /* Release */,
			);
			defaultConfigurationIsVisible = 0;
			defaultConfigurationName = Release;
		};
		8318C68C28BE51A400314B83 /* Build configuration list for PBXNativeTarget "RESTAPIExampleTests" */ = {
			isa = XCConfigurationList;
			buildConfigurations = (
				8318C68D28BE51A400314B83 /* Debug */,
				8318C68E28BE51A400314B83 /* Release */,
			);
			defaultConfigurationIsVisible = 0;
			defaultConfigurationName = Release;
		};
		8318C68F28BE51A400314B83 /* Build configuration list for PBXNativeTarget "RESTAPIExampleUITests" */ = {
			isa = XCConfigurationList;
			buildConfigurations = (
				8318C69028BE51A400314B83 /* Debug */,
				8318C69128BE51A400314B83 /* Release */,
			);
			defaultConfigurationIsVisible = 0;
			defaultConfigurationName = Release;
		};
/* End XCConfigurationList section */
	};
	rootObject = 8318C65728BE51A100314B83 /* Project object */;
}
